
Microsoft Visual Studio Solution File, Format Version 12.00
# Visual Studio Version 17
VisualStudioVersion = 17.5.002.0
MinimumVisualStudioVersion = 10.0.40219.1
Project("{9A19103F-16F7-4668-BE54-9A1E7A4F7556}") = "ModSolution", "ModSolution.csproj", "{3643C8A5-4974-4D53-8229-6C11E05576A0}"
EndProject
Global
	GlobalSection(SolutionConfigurationPlatforms) = preSolution
		Debug|Any CPU = Debug|Any CPU
		Release|Any CPU = Release|Any CPU
	EndGlobalSection
	GlobalSection(ProjectConfigurationPlatforms) = postSolution
		{3643C8A5-4974-4D53-8229-6C11E05576A0}.Debug|Any CPU.ActiveCfg = Debug|Any CPU
		{3643C8A5-4974-4D53-8229-6C11E05576A0}.Debug|Any CPU.Build.0 = Debug|Any CPU
		{3643C8A5-4974-4D53-8229-6C11E05576A0}.Release|Any CPU.ActiveCfg = Release|Any CPU
		{3643C8A5-4974-4D53-8229-6C11E05576A0}.Release|Any CPU.Build.0 = Release|Any CPU
	EndGlobalSection
	GlobalSection(SolutionProperties) = preSolution
		HideSolutionNode = FALSE
	EndGlobalSection
	GlobalSection(ExtensibilityGlobals) = postSolution
		SolutionGuid = {0498CE59-8836-42F4-990A-38769C04FCA0}
	EndGlobalSection
EndGlobal
